// !$*UTF8*$!
{
	archiveVersion = 1;
	classes = {
	};
	objectVersion = 46;
	objects = {

/* Begin PBXBuildFile section */
		4B05FEE1993C3BF954DC3952 /* libPods-TrainingTest.a in Frameworks */ = {isa = PBXBuildFile; fileRef = C178AB7F7452ED01304FEB5F /* libPods-TrainingTest.a */; };
		5B30AD79DD598FAF1456AD26 /* libPods-TrainingTestTempTests.a in Frameworks */ = {isa = PBXBuildFile; fileRef = DD185BAFEC5F7708CCA73AA1 /* libPods-TrainingTestTempTests.a */; };
		5E0F545F1ED9B02D0004259C /* HTPaymentManager+transactionTypes.m in Sources */ = {isa = PBXBuildFile; fileRef = 5E0F545E1ED9B02D0004259C /* HTPaymentManager+transactionTypes.m */; };
		5E0F54651EDEB4A80004259C /* HTSettings.m in Sources */ = {isa = PBXBuildFile; fileRef = 5E0F54641EDEB4A80004259C /* HTSettings.m */; };
		5E0F546F1EDED6690004259C /* HTWebProvider+Settings.m in Sources */ = {isa = PBXBuildFile; fileRef = 5E0F546E1EDED6690004259C /* HTWebProvider+Settings.m */; };
		5E0F54751EDF29D50004259C /* HTTransaction.m in Sources */ = {isa = PBXBuildFile; fileRef = 5E0F54741EDF29D50004259C /* HTTransaction.m */; };
		5E0F54781EDF2A1C0004259C /* HTMSRTransaction.m in Sources */ = {isa = PBXBuildFile; fileRef = 5E0F54771EDF2A1C0004259C /* HTMSRTransaction.m */; };
		5E0F547B1EDF2A4B0004259C /* HTEMVTransaction.m in Sources */ = {isa = PBXBuildFile; fileRef = 5E0F547A1EDF2A4B0004259C /* HTEMVTransaction.m */; };
		5E0F547E1EDF2A610004259C /* HTKeyedTransaction.m in Sources */ = {isa = PBXBuildFile; fileRef = 5E0F547D1EDF2A610004259C /* HTKeyedTransaction.m */; };
		5E0F54831EE0921B0004259C /* HTTicket.m in Sources */ = {isa = PBXBuildFile; fileRef = 5E0F54821EE0921B0004259C /* HTTicket.m */; };
		5E0F54861EE59CC20004259C /* HTSpinnerViewController.m in Sources */ = {isa = PBXBuildFile; fileRef = 5E0F54851EE59CC20004259C /* HTSpinnerViewController.m */; };
		5E0F548E1EE7DC900004259C /* UIView+Animation.m in Sources */ = {isa = PBXBuildFile; fileRef = 5E0F548D1EE7DC900004259C /* UIView+Animation.m */; };
		5E0F54971EE889AD0004259C /* HTDesignableView.m in Sources */ = {isa = PBXBuildFile; fileRef = 5E0F54961EE889AD0004259C /* HTDesignableView.m */; };
		5E0F549A1EE88A650004259C /* HTKeypadButton.m in Sources */ = {isa = PBXBuildFile; fileRef = 5E0F54991EE88A650004259C /* HTKeypadButton.m */; };
		5E0F549D1EE946380004259C /* HTKeyedTransationViewController.m in Sources */ = {isa = PBXBuildFile; fileRef = 5E0F549C1EE946380004259C /* HTKeyedTransationViewController.m */; };
		5E0F54A01EE94BD30004259C /* UIViewController+Spinner.m in Sources */ = {isa = PBXBuildFile; fileRef = 5E0F549F1EE94BD30004259C /* UIViewController+Spinner.m */; };
		5E0F54A31EE950450004259C /* UIViewController+Processing.m in Sources */ = {isa = PBXBuildFile; fileRef = 5E0F54A21EE950450004259C /* UIViewController+Processing.m */; };
		5E4E1B1F1EAF51880001B301 /* NSString+UUID.m in Sources */ = {isa = PBXBuildFile; fileRef = 5E4E1B1E1EAF51880001B301 /* NSString+UUID.m */; };
		5E4E1B241EAF86AD0001B301 /* NSString+SHA256.m in Sources */ = {isa = PBXBuildFile; fileRef = 5E4E1B231EAF86AD0001B301 /* NSString+SHA256.m */; };
		5E4E1B291EB0C3C20001B301 /* HTSafariViewContoller.m in Sources */ = {isa = PBXBuildFile; fileRef = 5E4E1B281EB0C3C20001B301 /* HTSafariViewContoller.m */; };
		5E4E1B5E1EBA07160001B301 /* HTAuthenticationManager.m in Sources */ = {isa = PBXBuildFile; fileRef = 5E4E1B5D1EBA07160001B301 /* HTAuthenticationManager.m */; };
		5E4E1B621EBC67340001B301 /* HTTSYSManager.m in Sources */ = {isa = PBXBuildFile; fileRef = 5E4E1B611EBC67340001B301 /* HTTSYSManager.m */; };
		5E4E1B661EBC68360001B301 /* HTOrderedMutableDictionary.m in Sources */ = {isa = PBXBuildFile; fileRef = 5E4E1B651EBC68360001B301 /* HTOrderedMutableDictionary.m */; };
		5E4E1B6A1EC3284C0001B301 /* IDTechCardReaderManager.m in Sources */ = {isa = PBXBuildFile; fileRef = 5E4E1B691EC3284C0001B301 /* IDTechCardReaderManager.m */; };
		5E4E1B6E1EC9E3930001B301 /* IDTech.framework in Frameworks */ = {isa = PBXBuildFile; fileRef = 5E4E1B6D1EC9E3930001B301 /* IDTech.framework */; };
		5E4E1B711ECAF1EC0001B301 /* NSData+HexadecimalString.m in Sources */ = {isa = PBXBuildFile; fileRef = 5E4E1B701ECAF1EC0001B301 /* NSData+HexadecimalString.m */; };
		5E4E1B741ECB26730001B301 /* HTPayment.m in Sources */ = {isa = PBXBuildFile; fileRef = 5E4E1B731ECB26730001B301 /* HTPayment.m */; };
		5E4E1B771ECC76530001B301 /* HTWebProvider.m in Sources */ = {isa = PBXBuildFile; fileRef = 5E4E1B761ECC76530001B301 /* HTWebProvider.m */; };
		5E4E1B7E1ECD99A60001B301 /* HTPaymentManager.m in Sources */ = {isa = PBXBuildFile; fileRef = 5E4E1B7D1ECD99A60001B301 /* HTPaymentManager.m */; };
		5E4E1B811ECF53470001B301 /* HTTSYSManager+RequestJSONs.m in Sources */ = {isa = PBXBuildFile; fileRef = 5E4E1B801ECF53470001B301 /* HTTSYSManager+RequestJSONs.m */; };
		5E4E1B841ED6C7D60001B301 /* HTEmailReceipt.m in Sources */ = {isa = PBXBuildFile; fileRef = 5E4E1B831ED6C7D60001B301 /* HTEmailReceipt.m */; };
		5E4E1B8E1ED841A60001B301 /* HTAuthenticationToken.m in Sources */ = {isa = PBXBuildFile; fileRef = 5E4E1B8D1ED841A60001B301 /* HTAuthenticationToken.m */; };
		5E4E1B911ED871940001B301 /* HTPaymentManager+transactionInfoJSON.m in Sources */ = {isa = PBXBuildFile; fileRef = 5E4E1B901ED871940001B301 /* HTPaymentManager+transactionInfoJSON.m */; };
		5E54F0D21EEA6FB10085C91C /* UIViewController+Back.m in Sources */ = {isa = PBXBuildFile; fileRef = 5E54F0D11EEA6FB10085C91C /* UIViewController+Back.m */; };
		5E54F0D51EEA72290085C91C /* HTKeyboardInputView.m in Sources */ = {isa = PBXBuildFile; fileRef = 5E54F0D41EEA72290085C91C /* HTKeyboardInputView.m */; };
		5E54F0D81EEA98F20085C91C /* HTSMSReceipt.m in Sources */ = {isa = PBXBuildFile; fileRef = 5E54F0D71EEA98F20085C91C /* HTSMSReceipt.m */; };
		5E54F0E11EEAB59F0085C91C /* HTStartNavigationController.m in Sources */ = {isa = PBXBuildFile; fileRef = 5E54F0E01EEAB59F0085C91C /* HTStartNavigationController.m */; };
		5E564BA81EA7557F0076F83C /* AudioToolbox.framework in Frameworks */ = {isa = PBXBuildFile; fileRef = 5E564BA71EA7557F0076F83C /* AudioToolbox.framework */; };
		5E564BAA1EA755C50076F83C /* AVFoundation.framework in Frameworks */ = {isa = PBXBuildFile; fileRef = 5E564BA91EA755C50076F83C /* AVFoundation.framework */; };
		5E564BAC1EA756FB0076F83C /* ExternalAccessory.framework in Frameworks */ = {isa = PBXBuildFile; fileRef = 5E564BAB1EA756FB0076F83C /* ExternalAccessory.framework */; };
		5E564BAE1EA757660076F83C /* MediaPlayer.framework in Frameworks */ = {isa = PBXBuildFile; fileRef = 5E564BAD1EA757660076F83C /* MediaPlayer.framework */; };
		5E564BB01EA75CD10076F83C /* IDTech.bundle in Frameworks */ = {isa = PBXBuildFile; fileRef = 5E564BAF1EA75CD10076F83C /* IDTech.bundle */; };
		5E6C170A1EA8D72300540385 /* HTCardInfo.m in Sources */ = {isa = PBXBuildFile; fileRef = 5E6C17091EA8D72300540385 /* HTCardInfo.m */; };
		5E6C17121EA8EB5700540385 /* TrainingTestTempTests.m in Sources */ = {isa = PBXBuildFile; fileRef = 5E6C17111EA8EB5700540385 /* TrainingTestTempTests.m */; };
		95991270B553E585958BE533 /* libPods-TrainingTestTests.a in Frameworks */ = {isa = PBXBuildFile; fileRef = B318F8D67936B210FAD83CBB /* libPods-TrainingTestTests.a */; };
		F5C187B01E925D4500800F52 /* HTLoginScreenViewController.m in Sources */ = {isa = PBXBuildFile; fileRef = F5C187AF1E925D4500800F52 /* HTLoginScreenViewController.m */; };
		F5C187B31E93A84B00800F52 /* HTKeypadViewController.m in Sources */ = {isa = PBXBuildFile; fileRef = F5C187B21E93A84B00800F52 /* HTKeypadViewController.m */; };
		F5C187B61E9508E900800F52 /* HTCardInfoViewController.m in Sources */ = {isa = PBXBuildFile; fileRef = F5C187B51E9508E900800F52 /* HTCardInfoViewController.m */; };
		F5C550821EA62E2400AAA07E /* HTSignatureView.m in Sources */ = {isa = PBXBuildFile; fileRef = F5C550811EA62E2400AAA07E /* HTSignatureView.m */; };
		F5DDCCF41E8D019C00904CD4 /* main.m in Sources */ = {isa = PBXBuildFile; fileRef = F5DDCCF31E8D019C00904CD4 /* main.m */; };
		F5DDCCF71E8D019C00904CD4 /* AppDelegate.m in Sources */ = {isa = PBXBuildFile; fileRef = F5DDCCF61E8D019C00904CD4 /* AppDelegate.m */; };
		F5DDCCFD1E8D019C00904CD4 /* Main.storyboard in Resources */ = {isa = PBXBuildFile; fileRef = F5DDCCFB1E8D019C00904CD4 /* Main.storyboard */; };
		F5DDCCFF1E8D019C00904CD4 /* Assets.xcassets in Resources */ = {isa = PBXBuildFile; fileRef = F5DDCCFE1E8D019C00904CD4 /* Assets.xcassets */; };
		F5DDCD021E8D019C00904CD4 /* LaunchScreen.storyboard in Resources */ = {isa = PBXBuildFile; fileRef = F5DDCD001E8D019C00904CD4 /* LaunchScreen.storyboard */; };
		F5DDCD0D1E8D019C00904CD4 /* TrainingTestTests.m in Sources */ = {isa = PBXBuildFile; fileRef = F5DDCD0C1E8D019C00904CD4 /* TrainingTestTests.m */; };
		F5DDCD191E8FED4C00904CD4 /* LeftToRight.m in Sources */ = {isa = PBXBuildFile; fileRef = F5DDCD181E8FED4C00904CD4 /* LeftToRight.m */; };
		F5FE09C31E9D189B001C4826 /* HTSignatureViewController.m in Sources */ = {isa = PBXBuildFile; fileRef = F5FE09C21E9D189B001C4826 /* HTSignatureViewController.m */; };
		F5FE09C61E9E5303001C4826 /* HTCloseTicketViewController.m in Sources */ = {isa = PBXBuildFile; fileRef = F5FE09C51E9E5303001C4826 /* HTCloseTicketViewController.m */; };
/* End PBXBuildFile section */

/* Begin PBXContainerItemProxy section */
		5E6C17141EA8EB5700540385 /* PBXContainerItemProxy */ = {
			isa = PBXContainerItemProxy;
			containerPortal = F5DDCCE71E8D019C00904CD4 /* Project object */;
			proxyType = 1;
			remoteGlobalIDString = F5DDCCEE1E8D019C00904CD4;
			remoteInfo = TrainingTest;
		};
		F5DDCD091E8D019C00904CD4 /* PBXContainerItemProxy */ = {
			isa = PBXContainerItemProxy;
			containerPortal = F5DDCCE71E8D019C00904CD4 /* Project object */;
			proxyType = 1;
			remoteGlobalIDString = F5DDCCEE1E8D019C00904CD4;
			remoteInfo = TrainingTest;
		};
/* End PBXContainerItemProxy section */

/* Begin PBXFileReference section */
		1B91B7E96A0080C90475E9FB /* Pods-TrainingTestTests.release.xcconfig */ = {isa = PBXFileReference; includeInIndex = 1; lastKnownFileType = text.xcconfig; name = "Pods-TrainingTestTests.release.xcconfig"; path = "Pods/Target Support Files/Pods-TrainingTestTests/Pods-TrainingTestTests.release.xcconfig"; sourceTree = "<group>"; };
		57918C2F504DBA010B1192AD /* Pods-TrainingTestTempTests.release.xcconfig */ = {isa = PBXFileReference; includeInIndex = 1; lastKnownFileType = text.xcconfig; name = "Pods-TrainingTestTempTests.release.xcconfig"; path = "Pods/Target Support Files/Pods-TrainingTestTempTests/Pods-TrainingTestTempTests.release.xcconfig"; sourceTree = "<group>"; };
		5E0F545D1ED9B02D0004259C /* HTPaymentManager+transactionTypes.h */ = {isa = PBXFileReference; fileEncoding = 4; lastKnownFileType = sourcecode.c.h; path = "HTPaymentManager+transactionTypes.h"; sourceTree = "<group>"; };
		5E0F545E1ED9B02D0004259C /* HTPaymentManager+transactionTypes.m */ = {isa = PBXFileReference; fileEncoding = 4; lastKnownFileType = sourcecode.c.objc; path = "HTPaymentManager+transactionTypes.m"; sourceTree = "<group>"; };
		5E0F54631EDEB4A80004259C /* HTSettings.h */ = {isa = PBXFileReference; fileEncoding = 4; lastKnownFileType = sourcecode.c.h; path = HTSettings.h; sourceTree = "<group>"; };
		5E0F54641EDEB4A80004259C /* HTSettings.m */ = {isa = PBXFileReference; fileEncoding = 4; lastKnownFileType = sourcecode.c.objc; path = HTSettings.m; sourceTree = "<group>"; };
		5E0F546D1EDED6690004259C /* HTWebProvider+Settings.h */ = {isa = PBXFileReference; fileEncoding = 4; lastKnownFileType = sourcecode.c.h; path = "HTWebProvider+Settings.h"; sourceTree = "<group>"; };
		5E0F546E1EDED6690004259C /* HTWebProvider+Settings.m */ = {isa = PBXFileReference; fileEncoding = 4; lastKnownFileType = sourcecode.c.objc; path = "HTWebProvider+Settings.m"; sourceTree = "<group>"; };
		5E0F54731EDF29D50004259C /* HTTransaction.h */ = {isa = PBXFileReference; fileEncoding = 4; lastKnownFileType = sourcecode.c.h; path = HTTransaction.h; sourceTree = "<group>"; };
		5E0F54741EDF29D50004259C /* HTTransaction.m */ = {isa = PBXFileReference; fileEncoding = 4; lastKnownFileType = sourcecode.c.objc; path = HTTransaction.m; sourceTree = "<group>"; };
		5E0F54761EDF2A1C0004259C /* HTMSRTransaction.h */ = {isa = PBXFileReference; fileEncoding = 4; lastKnownFileType = sourcecode.c.h; path = HTMSRTransaction.h; sourceTree = "<group>"; };
		5E0F54771EDF2A1C0004259C /* HTMSRTransaction.m */ = {isa = PBXFileReference; fileEncoding = 4; lastKnownFileType = sourcecode.c.objc; path = HTMSRTransaction.m; sourceTree = "<group>"; };
		5E0F54791EDF2A4B0004259C /* HTEMVTransaction.h */ = {isa = PBXFileReference; fileEncoding = 4; lastKnownFileType = sourcecode.c.h; path = HTEMVTransaction.h; sourceTree = "<group>"; };
		5E0F547A1EDF2A4B0004259C /* HTEMVTransaction.m */ = {isa = PBXFileReference; fileEncoding = 4; lastKnownFileType = sourcecode.c.objc; path = HTEMVTransaction.m; sourceTree = "<group>"; };
		5E0F547C1EDF2A610004259C /* HTKeyedTransaction.h */ = {isa = PBXFileReference; fileEncoding = 4; lastKnownFileType = sourcecode.c.h; path = HTKeyedTransaction.h; sourceTree = "<group>"; };
		5E0F547D1EDF2A610004259C /* HTKeyedTransaction.m */ = {isa = PBXFileReference; fileEncoding = 4; lastKnownFileType = sourcecode.c.objc; path = HTKeyedTransaction.m; sourceTree = "<group>"; };
		5E0F54801EDF322D0004259C /* HTTransaction_ProtectedProperties.h */ = {isa = PBXFileReference; lastKnownFileType = sourcecode.c.h; path = HTTransaction_ProtectedProperties.h; sourceTree = "<group>"; };
		5E0F54811EE0921B0004259C /* HTTicket.h */ = {isa = PBXFileReference; fileEncoding = 4; lastKnownFileType = sourcecode.c.h; path = HTTicket.h; sourceTree = "<group>"; };
		5E0F54821EE0921B0004259C /* HTTicket.m */ = {isa = PBXFileReference; fileEncoding = 4; lastKnownFileType = sourcecode.c.objc; path = HTTicket.m; sourceTree = "<group>"; };
		5E0F54841EE59CC20004259C /* HTSpinnerViewController.h */ = {isa = PBXFileReference; fileEncoding = 4; lastKnownFileType = sourcecode.c.h; path = HTSpinnerViewController.h; sourceTree = "<group>"; };
		5E0F54851EE59CC20004259C /* HTSpinnerViewController.m */ = {isa = PBXFileReference; fileEncoding = 4; lastKnownFileType = sourcecode.c.objc; path = HTSpinnerViewController.m; sourceTree = "<group>"; };
		5E0F54881EE738D30004259C /* Proxima Nova-Bold.otf */ = {isa = PBXFileReference; lastKnownFileType = file; path = "Proxima Nova-Bold.otf"; sourceTree = "<group>"; };
		5E0F54891EE738D30004259C /* Proxima Nova-Light.otf */ = {isa = PBXFileReference; lastKnownFileType = file; path = "Proxima Nova-Light.otf"; sourceTree = "<group>"; };
		5E0F548A1EE738D30004259C /* Proxima Nova-Regular.otf */ = {isa = PBXFileReference; lastKnownFileType = file; path = "Proxima Nova-Regular.otf"; sourceTree = "<group>"; };
		5E0F548B1EE738D30004259C /* Proxima Nova-Semibold.otf */ = {isa = PBXFileReference; lastKnownFileType = file; path = "Proxima Nova-Semibold.otf"; sourceTree = "<group>"; };
		5E0F548C1EE7DC900004259C /* UIView+Animation.h */ = {isa = PBXFileReference; fileEncoding = 4; lastKnownFileType = sourcecode.c.h; path = "UIView+Animation.h"; sourceTree = "<group>"; };
		5E0F548D1EE7DC900004259C /* UIView+Animation.m */ = {isa = PBXFileReference; fileEncoding = 4; lastKnownFileType = sourcecode.c.objc; path = "UIView+Animation.m"; sourceTree = "<group>"; };
		5E0F54951EE889AD0004259C /* HTDesignableView.h */ = {isa = PBXFileReference; fileEncoding = 4; lastKnownFileType = sourcecode.c.h; path = HTDesignableView.h; sourceTree = "<group>"; };
		5E0F54961EE889AD0004259C /* HTDesignableView.m */ = {isa = PBXFileReference; fileEncoding = 4; lastKnownFileType = sourcecode.c.objc; path = HTDesignableView.m; sourceTree = "<group>"; };
		5E0F54981EE88A650004259C /* HTKeypadButton.h */ = {isa = PBXFileReference; fileEncoding = 4; lastKnownFileType = sourcecode.c.h; path = HTKeypadButton.h; sourceTree = "<group>"; };
		5E0F54991EE88A650004259C /* HTKeypadButton.m */ = {isa = PBXFileReference; fileEncoding = 4; lastKnownFileType = sourcecode.c.objc; path = HTKeypadButton.m; sourceTree = "<group>"; };
		5E0F549B1EE946380004259C /* HTKeyedTransationViewController.h */ = {isa = PBXFileReference; fileEncoding = 4; lastKnownFileType = sourcecode.c.h; path = HTKeyedTransationViewController.h; sourceTree = "<group>"; };
		5E0F549C1EE946380004259C /* HTKeyedTransationViewController.m */ = {isa = PBXFileReference; fileEncoding = 4; lastKnownFileType = sourcecode.c.objc; path = HTKeyedTransationViewController.m; sourceTree = "<group>"; };
		5E0F549E1EE94BD30004259C /* UIViewController+Spinner.h */ = {isa = PBXFileReference; fileEncoding = 4; lastKnownFileType = sourcecode.c.h; path = "UIViewController+Spinner.h"; sourceTree = "<group>"; };
		5E0F549F1EE94BD30004259C /* UIViewController+Spinner.m */ = {isa = PBXFileReference; fileEncoding = 4; lastKnownFileType = sourcecode.c.objc; path = "UIViewController+Spinner.m"; sourceTree = "<group>"; };
		5E0F54A11EE950450004259C /* UIViewController+Processing.h */ = {isa = PBXFileReference; fileEncoding = 4; lastKnownFileType = sourcecode.c.h; path = "UIViewController+Processing.h"; sourceTree = "<group>"; };
		5E0F54A21EE950450004259C /* UIViewController+Processing.m */ = {isa = PBXFileReference; fileEncoding = 4; lastKnownFileType = sourcecode.c.objc; path = "UIViewController+Processing.m"; sourceTree = "<group>"; };
		5E4E1B1D1EAF51880001B301 /* NSString+UUID.h */ = {isa = PBXFileReference; fileEncoding = 4; lastKnownFileType = sourcecode.c.h; path = "NSString+UUID.h"; sourceTree = "<group>"; };
		5E4E1B1E1EAF51880001B301 /* NSString+UUID.m */ = {isa = PBXFileReference; fileEncoding = 4; lastKnownFileType = sourcecode.c.objc; path = "NSString+UUID.m"; sourceTree = "<group>"; };
		5E4E1B221EAF86AD0001B301 /* NSString+SHA256.h */ = {isa = PBXFileReference; fileEncoding = 4; lastKnownFileType = sourcecode.c.h; path = "NSString+SHA256.h"; sourceTree = "<group>"; };
		5E4E1B231EAF86AD0001B301 /* NSString+SHA256.m */ = {isa = PBXFileReference; fileEncoding = 4; lastKnownFileType = sourcecode.c.objc; path = "NSString+SHA256.m"; sourceTree = "<group>"; };
		5E4E1B271EB0C3C20001B301 /* HTSafariViewContoller.h */ = {isa = PBXFileReference; fileEncoding = 4; lastKnownFileType = sourcecode.c.h; name = HTSafariViewContoller.h; path = TrainingTest/HTSafariViewContoller.h; sourceTree = "<group>"; };
		5E4E1B281EB0C3C20001B301 /* HTSafariViewContoller.m */ = {isa = PBXFileReference; fileEncoding = 4; lastKnownFileType = sourcecode.c.objc; name = HTSafariViewContoller.m; path = TrainingTest/HTSafariViewContoller.m; sourceTree = "<group>"; };
		5E4E1B5C1EBA07160001B301 /* HTAuthenticationManager.h */ = {isa = PBXFileReference; fileEncoding = 4; lastKnownFileType = sourcecode.c.h; path = HTAuthenticationManager.h; sourceTree = "<group>"; };
		5E4E1B5D1EBA07160001B301 /* HTAuthenticationManager.m */ = {isa = PBXFileReference; fileEncoding = 4; lastKnownFileType = sourcecode.c.objc; path = HTAuthenticationManager.m; sourceTree = "<group>"; };
		5E4E1B601EBC67340001B301 /* HTTSYSManager.h */ = {isa = PBXFileReference; fileEncoding = 4; lastKnownFileType = sourcecode.c.h; path = HTTSYSManager.h; sourceTree = "<group>"; };
		5E4E1B611EBC67340001B301 /* HTTSYSManager.m */ = {isa = PBXFileReference; fileEncoding = 4; lastKnownFileType = sourcecode.c.objc; path = HTTSYSManager.m; sourceTree = "<group>"; };
		5E4E1B641EBC68360001B301 /* HTOrderedMutableDictionary.h */ = {isa = PBXFileReference; fileEncoding = 4; lastKnownFileType = sourcecode.c.h; path = HTOrderedMutableDictionary.h; sourceTree = "<group>"; };
		5E4E1B651EBC68360001B301 /* HTOrderedMutableDictionary.m */ = {isa = PBXFileReference; fileEncoding = 4; lastKnownFileType = sourcecode.c.objc; path = HTOrderedMutableDictionary.m; sourceTree = "<group>"; };
		5E4E1B681EC3284C0001B301 /* IDTechCardReaderManager.h */ = {isa = PBXFileReference; fileEncoding = 4; lastKnownFileType = sourcecode.c.h; path = IDTechCardReaderManager.h; sourceTree = "<group>"; };
		5E4E1B691EC3284C0001B301 /* IDTechCardReaderManager.m */ = {isa = PBXFileReference; fileEncoding = 4; lastKnownFileType = sourcecode.c.objc; path = IDTechCardReaderManager.m; sourceTree = "<group>"; };
		5E4E1B6D1EC9E3930001B301 /* IDTech.framework */ = {isa = PBXFileReference; lastKnownFileType = wrapper.framework; name = IDTech.framework; path = "../../../Downloads/80149801-001-B/SDK/1.1.090/IDTech.framework"; sourceTree = "<group>"; };
		5E4E1B6F1ECAF1EC0001B301 /* NSData+HexadecimalString.h */ = {isa = PBXFileReference; fileEncoding = 4; lastKnownFileType = sourcecode.c.h; path = "NSData+HexadecimalString.h"; sourceTree = "<group>"; };
		5E4E1B701ECAF1EC0001B301 /* NSData+HexadecimalString.m */ = {isa = PBXFileReference; fileEncoding = 4; lastKnownFileType = sourcecode.c.objc; path = "NSData+HexadecimalString.m"; sourceTree = "<group>"; };
		5E4E1B721ECB26730001B301 /* HTPayment.h */ = {isa = PBXFileReference; fileEncoding = 4; lastKnownFileType = sourcecode.c.h; path = HTPayment.h; sourceTree = "<group>"; };
		5E4E1B731ECB26730001B301 /* HTPayment.m */ = {isa = PBXFileReference; fileEncoding = 4; lastKnownFileType = sourcecode.c.objc; path = HTPayment.m; sourceTree = "<group>"; };
		5E4E1B751ECC76530001B301 /* HTWebProvider.h */ = {isa = PBXFileReference; fileEncoding = 4; lastKnownFileType = sourcecode.c.h; path = HTWebProvider.h; sourceTree = "<group>"; };
		5E4E1B761ECC76530001B301 /* HTWebProvider.m */ = {isa = PBXFileReference; fileEncoding = 4; lastKnownFileType = sourcecode.c.objc; path = HTWebProvider.m; sourceTree = "<group>"; };
		5E4E1B7C1ECD99A60001B301 /* HTPaymentManager.h */ = {isa = PBXFileReference; fileEncoding = 4; lastKnownFileType = sourcecode.c.h; path = HTPaymentManager.h; sourceTree = "<group>"; };
		5E4E1B7D1ECD99A60001B301 /* HTPaymentManager.m */ = {isa = PBXFileReference; fileEncoding = 4; lastKnownFileType = sourcecode.c.objc; path = HTPaymentManager.m; sourceTree = "<group>"; };
		5E4E1B7F1ECF53470001B301 /* HTTSYSManager+RequestJSONs.h */ = {isa = PBXFileReference; fileEncoding = 4; lastKnownFileType = sourcecode.c.h; path = "HTTSYSManager+RequestJSONs.h"; sourceTree = "<group>"; };
		5E4E1B801ECF53470001B301 /* HTTSYSManager+RequestJSONs.m */ = {isa = PBXFileReference; fileEncoding = 4; lastKnownFileType = sourcecode.c.objc; path = "HTTSYSManager+RequestJSONs.m"; sourceTree = "<group>"; };
		5E4E1B821ED6C7D60001B301 /* HTEmailReceipt.h */ = {isa = PBXFileReference; fileEncoding = 4; lastKnownFileType = sourcecode.c.h; path = HTEmailReceipt.h; sourceTree = "<group>"; };
		5E4E1B831ED6C7D60001B301 /* HTEmailReceipt.m */ = {isa = PBXFileReference; fileEncoding = 4; lastKnownFileType = sourcecode.c.objc; path = HTEmailReceipt.m; sourceTree = "<group>"; };
		5E4E1B8B1ED6FFA20001B301 /* TrainingTest.entitlements */ = {isa = PBXFileReference; lastKnownFileType = text.plist.entitlements; path = TrainingTest.entitlements; sourceTree = "<group>"; };
		5E4E1B8C1ED841A60001B301 /* HTAuthenticationToken.h */ = {isa = PBXFileReference; fileEncoding = 4; lastKnownFileType = sourcecode.c.h; path = HTAuthenticationToken.h; sourceTree = "<group>"; };
		5E4E1B8D1ED841A60001B301 /* HTAuthenticationToken.m */ = {isa = PBXFileReference; fileEncoding = 4; lastKnownFileType = sourcecode.c.objc; path = HTAuthenticationToken.m; sourceTree = "<group>"; };
		5E4E1B8F1ED871940001B301 /* HTPaymentManager+transactionInfoJSON.h */ = {isa = PBXFileReference; fileEncoding = 4; lastKnownFileType = sourcecode.c.h; path = "HTPaymentManager+transactionInfoJSON.h"; sourceTree = "<group>"; };
		5E4E1B901ED871940001B301 /* HTPaymentManager+transactionInfoJSON.m */ = {isa = PBXFileReference; fileEncoding = 4; lastKnownFileType = sourcecode.c.objc; path = "HTPaymentManager+transactionInfoJSON.m"; sourceTree = "<group>"; };
		5E54F0D01EEA6FB10085C91C /* UIViewController+Back.h */ = {isa = PBXFileReference; fileEncoding = 4; lastKnownFileType = sourcecode.c.h; path = "UIViewController+Back.h"; sourceTree = "<group>"; };
		5E54F0D11EEA6FB10085C91C /* UIViewController+Back.m */ = {isa = PBXFileReference; fileEncoding = 4; lastKnownFileType = sourcecode.c.objc; path = "UIViewController+Back.m"; sourceTree = "<group>"; };
		5E54F0D31EEA72290085C91C /* HTKeyboardInputView.h */ = {isa = PBXFileReference; fileEncoding = 4; lastKnownFileType = sourcecode.c.h; path = HTKeyboardInputView.h; sourceTree = "<group>"; };
		5E54F0D41EEA72290085C91C /* HTKeyboardInputView.m */ = {isa = PBXFileReference; fileEncoding = 4; lastKnownFileType = sourcecode.c.objc; path = HTKeyboardInputView.m; sourceTree = "<group>"; };
		5E54F0D61EEA98F20085C91C /* HTSMSReceipt.h */ = {isa = PBXFileReference; fileEncoding = 4; lastKnownFileType = sourcecode.c.h; path = HTSMSReceipt.h; sourceTree = "<group>"; };
		5E54F0D71EEA98F20085C91C /* HTSMSReceipt.m */ = {isa = PBXFileReference; fileEncoding = 4; lastKnownFileType = sourcecode.c.objc; path = HTSMSReceipt.m; sourceTree = "<group>"; };
		5E54F0DF1EEAB59F0085C91C /* HTStartNavigationController.h */ = {isa = PBXFileReference; fileEncoding = 4; lastKnownFileType = sourcecode.c.h; path = HTStartNavigationController.h; sourceTree = "<group>"; };
		5E54F0E01EEAB59F0085C91C /* HTStartNavigationController.m */ = {isa = PBXFileReference; fileEncoding = 4; lastKnownFileType = sourcecode.c.objc; path = HTStartNavigationController.m; sourceTree = "<group>"; };
		5E564BA51EA653D70076F83C /* IDTech.framework */ = {isa = PBXFileReference; lastKnownFileType = wrapper.framework; name = IDTech.framework; path = "../80149801-001-A/SDK/1.1.085/IDTech.framework"; sourceTree = "<group>"; };
		5E564BA71EA7557F0076F83C /* AudioToolbox.framework */ = {isa = PBXFileReference; lastKnownFileType = wrapper.framework; name = AudioToolbox.framework; path = System/Library/Frameworks/AudioToolbox.framework; sourceTree = SDKROOT; };
		5E564BA91EA755C50076F83C /* AVFoundation.framework */ = {isa = PBXFileReference; lastKnownFileType = wrapper.framework; name = AVFoundation.framework; path = System/Library/Frameworks/AVFoundation.framework; sourceTree = SDKROOT; };
		5E564BAB1EA756FB0076F83C /* ExternalAccessory.framework */ = {isa = PBXFileReference; lastKnownFileType = wrapper.framework; name = ExternalAccessory.framework; path = System/Library/Frameworks/ExternalAccessory.framework; sourceTree = SDKROOT; };
		5E564BAD1EA757660076F83C /* MediaPlayer.framework */ = {isa = PBXFileReference; lastKnownFileType = wrapper.framework; name = MediaPlayer.framework; path = System/Library/Frameworks/MediaPlayer.framework; sourceTree = SDKROOT; };
		5E564BAF1EA75CD10076F83C /* IDTech.bundle */ = {isa = PBXFileReference; lastKnownFileType = "wrapper.plug-in"; path = IDTech.bundle; sourceTree = "<group>"; };
		5E6C17081EA8D72300540385 /* HTCardInfo.h */ = {isa = PBXFileReference; fileEncoding = 4; lastKnownFileType = sourcecode.c.h; path = HTCardInfo.h; sourceTree = "<group>"; };
		5E6C17091EA8D72300540385 /* HTCardInfo.m */ = {isa = PBXFileReference; fileEncoding = 4; lastKnownFileType = sourcecode.c.objc; path = HTCardInfo.m; sourceTree = "<group>"; };
		5E6C170F1EA8EB5700540385 /* TrainingTestTempTests.xctest */ = {isa = PBXFileReference; explicitFileType = wrapper.cfbundle; includeInIndex = 0; path = TrainingTestTempTests.xctest; sourceTree = BUILT_PRODUCTS_DIR; };
		5E6C17111EA8EB5700540385 /* TrainingTestTempTests.m */ = {isa = PBXFileReference; lastKnownFileType = sourcecode.c.objc; path = TrainingTestTempTests.m; sourceTree = "<group>"; };
		5E6C17131EA8EB5700540385 /* Info.plist */ = {isa = PBXFileReference; lastKnownFileType = text.plist.xml; path = Info.plist; sourceTree = "<group>"; };
		5FDAF9E0AE5C1A195CA07891 /* Pods-TrainingTest.release.xcconfig */ = {isa = PBXFileReference; includeInIndex = 1; lastKnownFileType = text.xcconfig; name = "Pods-TrainingTest.release.xcconfig"; path = "Pods/Target Support Files/Pods-TrainingTest/Pods-TrainingTest.release.xcconfig"; sourceTree = "<group>"; };
		B2E6F6B47E6038B3A2FF0B2E /* Pods-TrainingTestTempTests.debug.xcconfig */ = {isa = PBXFileReference; includeInIndex = 1; lastKnownFileType = text.xcconfig; name = "Pods-TrainingTestTempTests.debug.xcconfig"; path = "Pods/Target Support Files/Pods-TrainingTestTempTests/Pods-TrainingTestTempTests.debug.xcconfig"; sourceTree = "<group>"; };
		B318F8D67936B210FAD83CBB /* libPods-TrainingTestTests.a */ = {isa = PBXFileReference; explicitFileType = archive.ar; includeInIndex = 0; path = "libPods-TrainingTestTests.a"; sourceTree = BUILT_PRODUCTS_DIR; };
		C178AB7F7452ED01304FEB5F /* libPods-TrainingTest.a */ = {isa = PBXFileReference; explicitFileType = archive.ar; includeInIndex = 0; path = "libPods-TrainingTest.a"; sourceTree = BUILT_PRODUCTS_DIR; };
		CDF8EB09478571FBF4B009BE /* Pods-TrainingTest.debug.xcconfig */ = {isa = PBXFileReference; includeInIndex = 1; lastKnownFileType = text.xcconfig; name = "Pods-TrainingTest.debug.xcconfig"; path = "Pods/Target Support Files/Pods-TrainingTest/Pods-TrainingTest.debug.xcconfig"; sourceTree = "<group>"; };
		CF60BDCEC88A465527A1661B /* Pods-TrainingTestTests.debug.xcconfig */ = {isa = PBXFileReference; includeInIndex = 1; lastKnownFileType = text.xcconfig; name = "Pods-TrainingTestTests.debug.xcconfig"; path = "Pods/Target Support Files/Pods-TrainingTestTests/Pods-TrainingTestTests.debug.xcconfig"; sourceTree = "<group>"; };
		DD185BAFEC5F7708CCA73AA1 /* libPods-TrainingTestTempTests.a */ = {isa = PBXFileReference; explicitFileType = archive.ar; includeInIndex = 0; path = "libPods-TrainingTestTempTests.a"; sourceTree = BUILT_PRODUCTS_DIR; };
		F5C187AE1E925D4500800F52 /* HTLoginScreenViewController.h */ = {isa = PBXFileReference; fileEncoding = 4; lastKnownFileType = sourcecode.c.h; path = HTLoginScreenViewController.h; sourceTree = "<group>"; };
		F5C187AF1E925D4500800F52 /* HTLoginScreenViewController.m */ = {isa = PBXFileReference; fileEncoding = 4; lastKnownFileType = sourcecode.c.objc; path = HTLoginScreenViewController.m; sourceTree = "<group>"; };
		F5C187B11E93A84B00800F52 /* HTKeypadViewController.h */ = {isa = PBXFileReference; fileEncoding = 4; lastKnownFileType = sourcecode.c.h; path = HTKeypadViewController.h; sourceTree = "<group>"; };
		F5C187B21E93A84B00800F52 /* HTKeypadViewController.m */ = {isa = PBXFileReference; fileEncoding = 4; lastKnownFileType = sourcecode.c.objc; path = HTKeypadViewController.m; sourceTree = "<group>"; };
		F5C187B41E9508E900800F52 /* HTCardInfoViewController.h */ = {isa = PBXFileReference; fileEncoding = 4; lastKnownFileType = sourcecode.c.h; path = HTCardInfoViewController.h; sourceTree = "<group>"; };
		F5C187B51E9508E900800F52 /* HTCardInfoViewController.m */ = {isa = PBXFileReference; fileEncoding = 4; lastKnownFileType = sourcecode.c.objc; path = HTCardInfoViewController.m; sourceTree = "<group>"; };
		F5C550801EA62E2400AAA07E /* HTSignatureView.h */ = {isa = PBXFileReference; fileEncoding = 4; lastKnownFileType = sourcecode.c.h; name = HTSignatureView.h; path = TrainingTest/HTSignatureView.h; sourceTree = "<group>"; };
		F5C550811EA62E2400AAA07E /* HTSignatureView.m */ = {isa = PBXFileReference; fileEncoding = 4; lastKnownFileType = sourcecode.c.objc; name = HTSignatureView.m; path = TrainingTest/HTSignatureView.m; sourceTree = "<group>"; };
		F5DDCCEF1E8D019C00904CD4 /* TrainingTest.app */ = {isa = PBXFileReference; explicitFileType = wrapper.application; includeInIndex = 0; path = TrainingTest.app; sourceTree = BUILT_PRODUCTS_DIR; };
		F5DDCCF31E8D019C00904CD4 /* main.m */ = {isa = PBXFileReference; lastKnownFileType = sourcecode.c.objc; path = main.m; sourceTree = "<group>"; };
		F5DDCCF51E8D019C00904CD4 /* AppDelegate.h */ = {isa = PBXFileReference; lastKnownFileType = sourcecode.c.h; path = AppDelegate.h; sourceTree = "<group>"; };
		F5DDCCF61E8D019C00904CD4 /* AppDelegate.m */ = {isa = PBXFileReference; lastKnownFileType = sourcecode.c.objc; path = AppDelegate.m; sourceTree = "<group>"; };
		F5DDCCFC1E8D019C00904CD4 /* Base */ = {isa = PBXFileReference; lastKnownFileType = file.storyboard; name = Base; path = Base.lproj/Main.storyboard; sourceTree = "<group>"; };
		F5DDCCFE1E8D019C00904CD4 /* Assets.xcassets */ = {isa = PBXFileReference; lastKnownFileType = folder.assetcatalog; path = Assets.xcassets; sourceTree = "<group>"; };
		F5DDCD011E8D019C00904CD4 /* Base */ = {isa = PBXFileReference; lastKnownFileType = file.storyboard; name = Base; path = Base.lproj/LaunchScreen.storyboard; sourceTree = "<group>"; };
		F5DDCD031E8D019C00904CD4 /* Info.plist */ = {isa = PBXFileReference; lastKnownFileType = text.plist.xml; path = Info.plist; sourceTree = "<group>"; };
		F5DDCD081E8D019C00904CD4 /* TrainingTestTests.xctest */ = {isa = PBXFileReference; explicitFileType = wrapper.cfbundle; includeInIndex = 0; path = TrainingTestTests.xctest; sourceTree = BUILT_PRODUCTS_DIR; };
		F5DDCD0C1E8D019C00904CD4 /* TrainingTestTests.m */ = {isa = PBXFileReference; lastKnownFileType = sourcecode.c.objc; path = TrainingTestTests.m; sourceTree = "<group>"; };
		F5DDCD0E1E8D019C00904CD4 /* Info.plist */ = {isa = PBXFileReference; lastKnownFileType = text.plist.xml; path = Info.plist; sourceTree = "<group>"; };
		F5DDCD171E8FED4C00904CD4 /* LeftToRight.h */ = {isa = PBXFileReference; fileEncoding = 4; lastKnownFileType = sourcecode.c.h; path = LeftToRight.h; sourceTree = "<group>"; };
		F5DDCD181E8FED4C00904CD4 /* LeftToRight.m */ = {isa = PBXFileReference; fileEncoding = 4; lastKnownFileType = sourcecode.c.objc; path = LeftToRight.m; sourceTree = "<group>"; };
		F5FE09C11E9D189B001C4826 /* HTSignatureViewController.h */ = {isa = PBXFileReference; fileEncoding = 4; lastKnownFileType = sourcecode.c.h; path = HTSignatureViewController.h; sourceTree = "<group>"; };
		F5FE09C21E9D189B001C4826 /* HTSignatureViewController.m */ = {isa = PBXFileReference; fileEncoding = 4; lastKnownFileType = sourcecode.c.objc; path = HTSignatureViewController.m; sourceTree = "<group>"; };
		F5FE09C41E9E5303001C4826 /* HTCloseTicketViewController.h */ = {isa = PBXFileReference; fileEncoding = 4; lastKnownFileType = sourcecode.c.h; path = HTCloseTicketViewController.h; sourceTree = "<group>"; };
		F5FE09C51E9E5303001C4826 /* HTCloseTicketViewController.m */ = {isa = PBXFileReference; fileEncoding = 4; lastKnownFileType = sourcecode.c.objc; path = HTCloseTicketViewController.m; sourceTree = "<group>"; };
/* End PBXFileReference section */

/* Begin PBXFrameworksBuildPhase section */
		5E6C170C1EA8EB5700540385 /* Frameworks */ = {
			isa = PBXFrameworksBuildPhase;
			buildActionMask = 2147483647;
			files = (
				5B30AD79DD598FAF1456AD26 /* libPods-TrainingTestTempTests.a in Frameworks */,
			);
			runOnlyForDeploymentPostprocessing = 0;
		};
		F5DDCCEC1E8D019C00904CD4 /* Frameworks */ = {
			isa = PBXFrameworksBuildPhase;
			buildActionMask = 2147483647;
			files = (
				5E4E1B6E1EC9E3930001B301 /* IDTech.framework in Frameworks */,
				5E564BB01EA75CD10076F83C /* IDTech.bundle in Frameworks */,
				5E564BAE1EA757660076F83C /* MediaPlayer.framework in Frameworks */,
				5E564BAC1EA756FB0076F83C /* ExternalAccessory.framework in Frameworks */,
				5E564BAA1EA755C50076F83C /* AVFoundation.framework in Frameworks */,
				5E564BA81EA7557F0076F83C /* AudioToolbox.framework in Frameworks */,
				4B05FEE1993C3BF954DC3952 /* libPods-TrainingTest.a in Frameworks */,
			);
			runOnlyForDeploymentPostprocessing = 0;
		};
		F5DDCD051E8D019C00904CD4 /* Frameworks */ = {
			isa = PBXFrameworksBuildPhase;
			buildActionMask = 2147483647;
			files = (
				95991270B553E585958BE533 /* libPods-TrainingTestTests.a in Frameworks */,
			);
			runOnlyForDeploymentPostprocessing = 0;
		};
/* End PBXFrameworksBuildPhase section */

/* Begin PBXGroup section */
		5E0F54691EDED11D0004259C /* WebProvider */ = {
			isa = PBXGroup;
			children = (
				5E0F546D1EDED6690004259C /* HTWebProvider+Settings.h */,
				5E0F546E1EDED6690004259C /* HTWebProvider+Settings.m */,
				5E4E1B751ECC76530001B301 /* HTWebProvider.h */,
				5E4E1B761ECC76530001B301 /* HTWebProvider.m */,
			);
			name = WebProvider;
			sourceTree = "<group>";
		};
		5E0F547F1EDF2A690004259C /* Transaction */ = {
			isa = PBXGroup;
			children = (
				5E0F54761EDF2A1C0004259C /* HTMSRTransaction.h */,
				5E0F54771EDF2A1C0004259C /* HTMSRTransaction.m */,
				5E0F54791EDF2A4B0004259C /* HTEMVTransaction.h */,
				5E0F547A1EDF2A4B0004259C /* HTEMVTransaction.m */,
				5E0F547C1EDF2A610004259C /* HTKeyedTransaction.h */,
				5E0F547D1EDF2A610004259C /* HTKeyedTransaction.m */,
				5E0F54731EDF29D50004259C /* HTTransaction.h */,
				5E0F54741EDF29D50004259C /* HTTransaction.m */,
				5E0F54801EDF322D0004259C /* HTTransaction_ProtectedProperties.h */,
			);
			name = Transaction;
			sourceTree = "<group>";
		};
		5E0F54871EE59CD00004259C /* VIew */ = {
			isa = PBXGroup;
			children = (
				5E54F0D31EEA72290085C91C /* HTKeyboardInputView.h */,
				5E54F0D41EEA72290085C91C /* HTKeyboardInputView.m */,
				5E0F549E1EE94BD30004259C /* UIViewController+Spinner.h */,
				5E0F549F1EE94BD30004259C /* UIViewController+Spinner.m */,
				5E0F54981EE88A650004259C /* HTKeypadButton.h */,
				5E0F54991EE88A650004259C /* HTKeypadButton.m */,
				5E0F54951EE889AD0004259C /* HTDesignableView.h */,
				5E0F54961EE889AD0004259C /* HTDesignableView.m */,
				5E0F548C1EE7DC900004259C /* UIView+Animation.h */,
				5E0F548D1EE7DC900004259C /* UIView+Animation.m */,
				5E4E1B271EB0C3C20001B301 /* HTSafariViewContoller.h */,
				5E4E1B281EB0C3C20001B301 /* HTSafariViewContoller.m */,
				5E0F54841EE59CC20004259C /* HTSpinnerViewController.h */,
				5E0F54851EE59CC20004259C /* HTSpinnerViewController.m */,
				F5C550801EA62E2400AAA07E /* HTSignatureView.h */,
				F5C550811EA62E2400AAA07E /* HTSignatureView.m */,
			);
			name = VIew;
			path = ..;
			sourceTree = "<group>";
		};
		5E4E1B211EAF51AD0001B301 /* Categories */ = {
			isa = PBXGroup;
			children = (
				5E54F0D01EEA6FB10085C91C /* UIViewController+Back.h */,
				5E54F0D11EEA6FB10085C91C /* UIViewController+Back.m */,
				5E0F54A11EE950450004259C /* UIViewController+Processing.h */,
				5E0F54A21EE950450004259C /* UIViewController+Processing.m */,
				5E4E1B1D1EAF51880001B301 /* NSString+UUID.h */,
				5E4E1B1E1EAF51880001B301 /* NSString+UUID.m */,
				5E4E1B221EAF86AD0001B301 /* NSString+SHA256.h */,
				5E4E1B231EAF86AD0001B301 /* NSString+SHA256.m */,
			);
			name = Categories;
			sourceTree = "<group>";
		};
		5E4E1B5F1EBA07210001B301 /* Authentication */ = {
			isa = PBXGroup;
			children = (
				5E54F0DF1EEAB59F0085C91C /* HTStartNavigationController.h */,
				5E54F0E01EEAB59F0085C91C /* HTStartNavigationController.m */,
				5E4E1B8C1ED841A60001B301 /* HTAuthenticationToken.h */,
				5E4E1B8D1ED841A60001B301 /* HTAuthenticationToken.m */,
				5E4E1B5C1EBA07160001B301 /* HTAuthenticationManager.h */,
				5E4E1B5D1EBA07160001B301 /* HTAuthenticationManager.m */,
			);
			name = Authentication;
			sourceTree = "<group>";
		};
		5E4E1B631EBC67400001B301 /* Payment */ = {
			isa = PBXGroup;
			children = (
				5E0F549B1EE946380004259C /* HTKeyedTransationViewController.h */,
				5E0F549C1EE946380004259C /* HTKeyedTransationViewController.m */,
				5E0F547F1EDF2A690004259C /* Transaction */,
				5E0F545D1ED9B02D0004259C /* HTPaymentManager+transactionTypes.h */,
				5E0F545E1ED9B02D0004259C /* HTPaymentManager+transactionTypes.m */,
				5E4E1B8F1ED871940001B301 /* HTPaymentManager+transactionInfoJSON.h */,
				5E4E1B901ED871940001B301 /* HTPaymentManager+transactionInfoJSON.m */,
				5E4E1B7F1ECF53470001B301 /* HTTSYSManager+RequestJSONs.h */,
				5E4E1B801ECF53470001B301 /* HTTSYSManager+RequestJSONs.m */,
				5E4E1B7C1ECD99A60001B301 /* HTPaymentManager.h */,
				5E4E1B7D1ECD99A60001B301 /* HTPaymentManager.m */,
				5E4E1B721ECB26730001B301 /* HTPayment.h */,
				5E4E1B731ECB26730001B301 /* HTPayment.m */,
				5E4E1B681EC3284C0001B301 /* IDTechCardReaderManager.h */,
				5E4E1B691EC3284C0001B301 /* IDTechCardReaderManager.m */,
				5E4E1B601EBC67340001B301 /* HTTSYSManager.h */,
				5E4E1B611EBC67340001B301 /* HTTSYSManager.m */,
			);
			name = Payment;
			sourceTree = "<group>";
		};
		5E4E1B671EBC68400001B301 /* Utils */ = {
			isa = PBXGroup;
			children = (
				5E4E1B6F1ECAF1EC0001B301 /* NSData+HexadecimalString.h */,
				5E4E1B701ECAF1EC0001B301 /* NSData+HexadecimalString.m */,
				5E4E1B641EBC68360001B301 /* HTOrderedMutableDictionary.h */,
				5E4E1B651EBC68360001B301 /* HTOrderedMutableDictionary.m */,
				F5DDCD171E8FED4C00904CD4 /* LeftToRight.h */,
				F5DDCD181E8FED4C00904CD4 /* LeftToRight.m */,
			);
			name = Utils;
			sourceTree = "<group>";
		};
		5E4E1B7B1ECC7AEF0001B301 /* Models */ = {
			isa = PBXGroup;
			children = (
				5E54F0D61EEA98F20085C91C /* HTSMSReceipt.h */,
				5E54F0D71EEA98F20085C91C /* HTSMSReceipt.m */,
				5E0F54811EE0921B0004259C /* HTTicket.h */,
				5E0F54821EE0921B0004259C /* HTTicket.m */,
				5E0F54631EDEB4A80004259C /* HTSettings.h */,
				5E0F54641EDEB4A80004259C /* HTSettings.m */,
				5E4E1B821ED6C7D60001B301 /* HTEmailReceipt.h */,
				5E4E1B831ED6C7D60001B301 /* HTEmailReceipt.m */,
				5E6C17081EA8D72300540385 /* HTCardInfo.h */,
				5E6C17091EA8D72300540385 /* HTCardInfo.m */,
			);
			name = Models;
			sourceTree = "<group>";
		};
		5E564BA41EA653D70076F83C /* Frameworks */ = {
			isa = PBXGroup;
			children = (
				5E4E1B6D1EC9E3930001B301 /* IDTech.framework */,
				5E564BAF1EA75CD10076F83C /* IDTech.bundle */,
				5E564BAD1EA757660076F83C /* MediaPlayer.framework */,
				5E564BAB1EA756FB0076F83C /* ExternalAccessory.framework */,
				5E564BA91EA755C50076F83C /* AVFoundation.framework */,
				5E564BA71EA7557F0076F83C /* AudioToolbox.framework */,
				5E564BA51EA653D70076F83C /* IDTech.framework */,
				C178AB7F7452ED01304FEB5F /* libPods-TrainingTest.a */,
				DD185BAFEC5F7708CCA73AA1 /* libPods-TrainingTestTempTests.a */,
				B318F8D67936B210FAD83CBB /* libPods-TrainingTestTests.a */,
			);
			name = Frameworks;
			sourceTree = "<group>";
		};
		5E6C17101EA8EB5700540385 /* TrainingTestTempTests */ = {
			isa = PBXGroup;
			children = (
				5E6C17111EA8EB5700540385 /* TrainingTestTempTests.m */,
				5E6C17131EA8EB5700540385 /* Info.plist */,
			);
			path = TrainingTestTempTests;
			sourceTree = "<group>";
		};
		9F6F7C1B23D2B2D1A73DDB06 /* Pods */ = {
			isa = PBXGroup;
			children = (
				CDF8EB09478571FBF4B009BE /* Pods-TrainingTest.debug.xcconfig */,
				5FDAF9E0AE5C1A195CA07891 /* Pods-TrainingTest.release.xcconfig */,
				B2E6F6B47E6038B3A2FF0B2E /* Pods-TrainingTestTempTests.debug.xcconfig */,
				57918C2F504DBA010B1192AD /* Pods-TrainingTestTempTests.release.xcconfig */,
				CF60BDCEC88A465527A1661B /* Pods-TrainingTestTests.debug.xcconfig */,
				1B91B7E96A0080C90475E9FB /* Pods-TrainingTestTests.release.xcconfig */,
			);
			name = Pods;
			sourceTree = "<group>";
		};
		F5DDCCE61E8D019C00904CD4 = {
			isa = PBXGroup;
			children = (
				F5DDCCF11E8D019C00904CD4 /* TrainingTest */,
				F5DDCD0B1E8D019C00904CD4 /* TrainingTestTests */,
				5E6C17101EA8EB5700540385 /* TrainingTestTempTests */,
				F5DDCCF01E8D019C00904CD4 /* Products */,
				5E564BA41EA653D70076F83C /* Frameworks */,
				9F6F7C1B23D2B2D1A73DDB06 /* Pods */,
			);
			sourceTree = "<group>";
		};
		F5DDCCF01E8D019C00904CD4 /* Products */ = {
			isa = PBXGroup;
			children = (
				F5DDCCEF1E8D019C00904CD4 /* TrainingTest.app */,
				F5DDCD081E8D019C00904CD4 /* TrainingTestTests.xctest */,
				5E6C170F1EA8EB5700540385 /* TrainingTestTempTests.xctest */,
			);
			name = Products;
			sourceTree = "<group>";
		};
		F5DDCCF11E8D019C00904CD4 /* TrainingTest */ = {
			isa = PBXGroup;
			children = (
				5E4E1B8B1ED6FFA20001B301 /* TrainingTest.entitlements */,
				5E4E1B7B1ECC7AEF0001B301 /* Models */,
				5E0F54871EE59CD00004259C /* VIew */,
				5E4E1B211EAF51AD0001B301 /* Categories */,
				F5DDCCF51E8D019C00904CD4 /* AppDelegate.h */,
				F5DDCCF61E8D019C00904CD4 /* AppDelegate.m */,
				5E4E1B5F1EBA07210001B301 /* Authentication */,
				F5DDCCFB1E8D019C00904CD4 /* Main.storyboard */,
				F5C187B41E9508E900800F52 /* HTCardInfoViewController.h */,
				F5C187B51E9508E900800F52 /* HTCardInfoViewController.m */,
				F5FE09C11E9D189B001C4826 /* HTSignatureViewController.h */,
				F5FE09C21E9D189B001C4826 /* HTSignatureViewController.m */,
				F5C187B11E93A84B00800F52 /* HTKeypadViewController.h */,
				F5C187B21E93A84B00800F52 /* HTKeypadViewController.m */,
				5E0F54691EDED11D0004259C /* WebProvider */,
				F5FE09C41E9E5303001C4826 /* HTCloseTicketViewController.h */,
				F5FE09C51E9E5303001C4826 /* HTCloseTicketViewController.m */,
				F5C187AE1E925D4500800F52 /* HTLoginScreenViewController.h */,
				F5C187AF1E925D4500800F52 /* HTLoginScreenViewController.m */,
				5E4E1B671EBC68400001B301 /* Utils */,
				5E4E1B631EBC67400001B301 /* Payment */,
				F5DDCCFE1E8D019C00904CD4 /* Assets.xcassets */,
				F5DDCD001E8D019C00904CD4 /* LaunchScreen.storyboard */,
				F5DDCD031E8D019C00904CD4 /* Info.plist */,
				F5DDCCF21E8D019C00904CD4 /* Supporting Files */,
			);
			path = TrainingTest;
			sourceTree = "<group>";
		};
		F5DDCCF21E8D019C00904CD4 /* Supporting Files */ = {
			isa = PBXGroup;
			children = (
				5E0F54881EE738D30004259C /* Proxima Nova-Bold.otf */,
				5E0F54891EE738D30004259C /* Proxima Nova-Light.otf */,
				5E0F548A1EE738D30004259C /* Proxima Nova-Regular.otf */,
				5E0F548B1EE738D30004259C /* Proxima Nova-Semibold.otf */,
				F5DDCCF31E8D019C00904CD4 /* main.m */,
			);
			name = "Supporting Files";
			sourceTree = "<group>";
		};
		F5DDCD0B1E8D019C00904CD4 /* TrainingTestTests */ = {
			isa = PBXGroup;
			children = (
				F5DDCD0C1E8D019C00904CD4 /* TrainingTestTests.m */,
				F5DDCD0E1E8D019C00904CD4 /* Info.plist */,
			);
			path = TrainingTestTests;
			sourceTree = "<group>";
		};
/* End PBXGroup section */

/* Begin PBXNativeTarget section */
		5E6C170E1EA8EB5700540385 /* TrainingTestTempTests */ = {
			isa = PBXNativeTarget;
			buildConfigurationList = 5E6C17161EA8EB5700540385 /* Build configuration list for PBXNativeTarget "TrainingTestTempTests" */;
			buildPhases = (
				5D9FAEC3461BD232D7CAA57E /* [CP] Check Pods Manifest.lock */,
				5E6C170B1EA8EB5700540385 /* Sources */,
				5E6C170C1EA8EB5700540385 /* Frameworks */,
				5E6C170D1EA8EB5700540385 /* Resources */,
				9D0A46E9C7A329F33C5EC147 /* [CP] Embed Pods Frameworks */,
				FB94200542D44A71E9C7D2DF /* [CP] Copy Pods Resources */,
			);
			buildRules = (
			);
			dependencies = (
				5E6C17151EA8EB5700540385 /* PBXTargetDependency */,
			);
			name = TrainingTestTempTests;
			productName = TrainingTestTempTests;
			productReference = 5E6C170F1EA8EB5700540385 /* TrainingTestTempTests.xctest */;
			productType = "com.apple.product-type.bundle.unit-test";
		};
		F5DDCCEE1E8D019C00904CD4 /* TrainingTest */ = {
			isa = PBXNativeTarget;
			buildConfigurationList = F5DDCD111E8D019C00904CD4 /* Build configuration list for PBXNativeTarget "TrainingTest" */;
			buildPhases = (
				0E227E42F20578D44B5CE393 /* [CP] Check Pods Manifest.lock */,
				F5DDCCEB1E8D019C00904CD4 /* Sources */,
				F5DDCCEC1E8D019C00904CD4 /* Frameworks */,
				F5DDCCED1E8D019C00904CD4 /* Resources */,
				1773615C4B36610BF3828F9E /* [CP] Embed Pods Frameworks */,
				4F5BD126EEFEC57429792407 /* [CP] Copy Pods Resources */,
			);
			buildRules = (
			);
			dependencies = (
			);
			name = TrainingTest;
			productName = TrainingTest;
			productReference = F5DDCCEF1E8D019C00904CD4 /* TrainingTest.app */;
			productType = "com.apple.product-type.application";
		};
		F5DDCD071E8D019C00904CD4 /* TrainingTestTests */ = {
			isa = PBXNativeTarget;
			buildConfigurationList = F5DDCD141E8D019C00904CD4 /* Build configuration list for PBXNativeTarget "TrainingTestTests" */;
			buildPhases = (
				3046CFA97208E5E6C0041A3B /* [CP] Check Pods Manifest.lock */,
				F5DDCD041E8D019C00904CD4 /* Sources */,
				F5DDCD051E8D019C00904CD4 /* Frameworks */,
				F5DDCD061E8D019C00904CD4 /* Resources */,
				56411328A652E4BB4A7A876C /* [CP] Embed Pods Frameworks */,
				65D6253EF9A6F131C80AE83F /* [CP] Copy Pods Resources */,
			);
			buildRules = (
			);
			dependencies = (
				F5DDCD0A1E8D019C00904CD4 /* PBXTargetDependency */,
			);
			name = TrainingTestTests;
			productName = TrainingTestTests;
			productReference = F5DDCD081E8D019C00904CD4 /* TrainingTestTests.xctest */;
			productType = "com.apple.product-type.bundle.unit-test";
		};
/* End PBXNativeTarget section */

/* Begin PBXProject section */
		F5DDCCE71E8D019C00904CD4 /* Project object */ = {
			isa = PBXProject;
			attributes = {
				LastUpgradeCheck = 0820;
				ORGANIZATIONNAME = Harbortouch;
				TargetAttributes = {
					5E6C170E1EA8EB5700540385 = {
						CreatedOnToolsVersion = 8.3.1;
						ProvisioningStyle = Automatic;
						TestTargetID = F5DDCCEE1E8D019C00904CD4;
					};
					F5DDCCEE1E8D019C00904CD4 = {
						CreatedOnToolsVersion = 8.2.1;
						DevelopmentTeam = MFEF9YL44V;
						ProvisioningStyle = Automatic;
						SystemCapabilities = {
							com.apple.Keychain = {
								enabled = 0;
							};
						};
					};
					F5DDCD071E8D019C00904CD4 = {
						CreatedOnToolsVersion = 8.2.1;
						DevelopmentTeam = MFEF9YL44V;
						ProvisioningStyle = Automatic;
						TestTargetID = F5DDCCEE1E8D019C00904CD4;
					};
				};
			};
			buildConfigurationList = F5DDCCEA1E8D019C00904CD4 /* Build configuration list for PBXProject "TrainingTest" */;
			compatibilityVersion = "Xcode 3.2";
			developmentRegion = English;
			hasScannedForEncodings = 0;
			knownRegions = (
				en,
				Base,
			);
			mainGroup = F5DDCCE61E8D019C00904CD4;
			productRefGroup = F5DDCCF01E8D019C00904CD4 /* Products */;
			projectDirPath = "";
			projectRoot = "";
			targets = (
				F5DDCCEE1E8D019C00904CD4 /* TrainingTest */,
				F5DDCD071E8D019C00904CD4 /* TrainingTestTests */,
				5E6C170E1EA8EB5700540385 /* TrainingTestTempTests */,
			);
		};
/* End PBXProject section */

/* Begin PBXResourcesBuildPhase section */
		5E6C170D1EA8EB5700540385 /* Resources */ = {
			isa = PBXResourcesBuildPhase;
			buildActionMask = 2147483647;
			files = (
			);
			runOnlyForDeploymentPostprocessing = 0;
		};
		F5DDCCED1E8D019C00904CD4 /* Resources */ = {
			isa = PBXResourcesBuildPhase;
			buildActionMask = 2147483647;
			files = (
				F5DDCD021E8D019C00904CD4 /* LaunchScreen.storyboard in Resources */,
				F5DDCCFF1E8D019C00904CD4 /* Assets.xcassets in Resources */,
				F5DDCCFD1E8D019C00904CD4 /* Main.storyboard in Resources */,
			);
			runOnlyForDeploymentPostprocessing = 0;
		};
		F5DDCD061E8D019C00904CD4 /* Resources */ = {
			isa = PBXResourcesBuildPhase;
			buildActionMask = 2147483647;
			files = (
			);
			runOnlyForDeploymentPostprocessing = 0;
		};
/* End PBXResourcesBuildPhase section */

/* Begin PBXShellScriptBuildPhase section */
		0E227E42F20578D44B5CE393 /* [CP] Check Pods Manifest.lock */ = {
			isa = PBXShellScriptBuildPhase;
			buildActionMask = 2147483647;
			files = (
			);
			inputPaths = (
			);
			name = "[CP] Check Pods Manifest.lock";
			outputPaths = (
			);
			runOnlyForDeploymentPostprocessing = 0;
			shellPath = /bin/sh;
			shellScript = "diff \"${PODS_PODFILE_DIR_PATH}/Podfile.lock\" \"${PODS_ROOT}/Manifest.lock\" > /dev/null\nif [ $? != 0 ] ; then\n    # print error to STDERR\n    echo \"error: The sandbox is not in sync with the Podfile.lock. Run 'pod install' or update your CocoaPods installation.\" >&2\n    exit 1\nfi\n";
			showEnvVarsInLog = 0;
		};
		1773615C4B36610BF3828F9E /* [CP] Embed Pods Frameworks */ = {
			isa = PBXShellScriptBuildPhase;
			buildActionMask = 2147483647;
			files = (
			);
			inputPaths = (
			);
			name = "[CP] Embed Pods Frameworks";
			outputPaths = (
			);
			runOnlyForDeploymentPostprocessing = 0;
			shellPath = /bin/sh;
			shellScript = "\"${SRCROOT}/Pods/Target Support Files/Pods-TrainingTest/Pods-TrainingTest-frameworks.sh\"\n";
			showEnvVarsInLog = 0;
		};
		3046CFA97208E5E6C0041A3B /* [CP] Check Pods Manifest.lock */ = {
			isa = PBXShellScriptBuildPhase;
			buildActionMask = 2147483647;
			files = (
			);
			inputPaths = (
			);
			name = "[CP] Check Pods Manifest.lock";
			outputPaths = (
			);
			runOnlyForDeploymentPostprocessing = 0;
			shellPath = /bin/sh;
			shellScript = "diff \"${PODS_PODFILE_DIR_PATH}/Podfile.lock\" \"${PODS_ROOT}/Manifest.lock\" > /dev/null\nif [ $? != 0 ] ; then\n    # print error to STDERR\n    echo \"error: The sandbox is not in sync with the Podfile.lock. Run 'pod install' or update your CocoaPods installation.\" >&2\n    exit 1\nfi\n";
			showEnvVarsInLog = 0;
		};
		4F5BD126EEFEC57429792407 /* [CP] Copy Pods Resources */ = {
			isa = PBXShellScriptBuildPhase;
			buildActionMask = 2147483647;
			files = (
			);
			inputPaths = (
			);
			name = "[CP] Copy Pods Resources";
			outputPaths = (
			);
			runOnlyForDeploymentPostprocessing = 0;
			shellPath = /bin/sh;
			shellScript = "\"${SRCROOT}/Pods/Target Support Files/Pods-TrainingTest/Pods-TrainingTest-resources.sh\"\n";
			showEnvVarsInLog = 0;
		};
		56411328A652E4BB4A7A876C /* [CP] Embed Pods Frameworks */ = {
			isa = PBXShellScriptBuildPhase;
			buildActionMask = 2147483647;
			files = (
			);
			inputPaths = (
			);
			name = "[CP] Embed Pods Frameworks";
			outputPaths = (
			);
			runOnlyForDeploymentPostprocessing = 0;
			shellPath = /bin/sh;
			shellScript = "\"${SRCROOT}/Pods/Target Support Files/Pods-TrainingTestTests/Pods-TrainingTestTests-frameworks.sh\"\n";
			showEnvVarsInLog = 0;
		};
		5D9FAEC3461BD232D7CAA57E /* [CP] Check Pods Manifest.lock */ = {
			isa = PBXShellScriptBuildPhase;
			buildActionMask = 2147483647;
			files = (
			);
			inputPaths = (
			);
			name = "[CP] Check Pods Manifest.lock";
			outputPaths = (
			);
			runOnlyForDeploymentPostprocessing = 0;
			shellPath = /bin/sh;
			shellScript = "diff \"${PODS_PODFILE_DIR_PATH}/Podfile.lock\" \"${PODS_ROOT}/Manifest.lock\" > /dev/null\nif [ $? != 0 ] ; then\n    # print error to STDERR\n    echo \"error: The sandbox is not in sync with the Podfile.lock. Run 'pod install' or update your CocoaPods installation.\" >&2\n    exit 1\nfi\n";
			showEnvVarsInLog = 0;
		};
		65D6253EF9A6F131C80AE83F /* [CP] Copy Pods Resources */ = {
			isa = PBXShellScriptBuildPhase;
			buildActionMask = 2147483647;
			files = (
			);
			inputPaths = (
			);
			name = "[CP] Copy Pods Resources";
			outputPaths = (
			);
			runOnlyForDeploymentPostprocessing = 0;
			shellPath = /bin/sh;
			shellScript = "\"${SRCROOT}/Pods/Target Support Files/Pods-TrainingTestTests/Pods-TrainingTestTests-resources.sh\"\n";
			showEnvVarsInLog = 0;
		};
		9D0A46E9C7A329F33C5EC147 /* [CP] Embed Pods Frameworks */ = {
			isa = PBXShellScriptBuildPhase;
			buildActionMask = 2147483647;
			files = (
			);
			inputPaths = (
			);
			name = "[CP] Embed Pods Frameworks";
			outputPaths = (
			);
			runOnlyForDeploymentPostprocessing = 0;
			shellPath = /bin/sh;
			shellScript = "\"${SRCROOT}/Pods/Target Support Files/Pods-TrainingTestTempTests/Pods-TrainingTestTempTests-frameworks.sh\"\n";
			showEnvVarsInLog = 0;
		};
		FB94200542D44A71E9C7D2DF /* [CP] Copy Pods Resources */ = {
			isa = PBXShellScriptBuildPhase;
			buildActionMask = 2147483647;
			files = (
			);
			inputPaths = (
			);
			name = "[CP] Copy Pods Resources";
			outputPaths = (
			);
			runOnlyForDeploymentPostprocessing = 0;
			shellPath = /bin/sh;
			shellScript = "\"${SRCROOT}/Pods/Target Support Files/Pods-TrainingTestTempTests/Pods-TrainingTestTempTests-resources.sh\"\n";
			showEnvVarsInLog = 0;
		};
/* End PBXShellScriptBuildPhase section */

/* Begin PBXSourcesBuildPhase section */
		5E6C170B1EA8EB5700540385 /* Sources */ = {
			isa = PBXSourcesBuildPhase;
			buildActionMask = 2147483647;
			files = (
				5E6C17121EA8EB5700540385 /* TrainingTestTempTests.m in Sources */,
			);
			runOnlyForDeploymentPostprocessing = 0;
		};
		F5DDCCEB1E8D019C00904CD4 /* Sources */ = {
			isa = PBXSourcesBuildPhase;
			buildActionMask = 2147483647;
			files = (
				F5DDCD191E8FED4C00904CD4 /* LeftToRight.m in Sources */,
				5E4E1B621EBC67340001B301 /* HTTSYSManager.m in Sources */,
				5E0F54861EE59CC20004259C /* HTSpinnerViewController.m in Sources */,
				F5DDCCF71E8D019C00904CD4 /* AppDelegate.m in Sources */,
				5E0F547E1EDF2A610004259C /* HTKeyedTransaction.m in Sources */,
				5E4E1B911ED871940001B301 /* HTPaymentManager+transactionInfoJSON.m in Sources */,
				5E54F0E11EEAB59F0085C91C /* HTStartNavigationController.m in Sources */,
				5E4E1B8E1ED841A60001B301 /* HTAuthenticationToken.m in Sources */,
				5E4E1B811ECF53470001B301 /* HTTSYSManager+RequestJSONs.m in Sources */,
				F5FE09C31E9D189B001C4826 /* HTSignatureViewController.m in Sources */,
				5E4E1B1F1EAF51880001B301 /* NSString+UUID.m in Sources */,
				5E0F547B1EDF2A4B0004259C /* HTEMVTransaction.m in Sources */,
				5E0F54651EDEB4A80004259C /* HTSettings.m in Sources */,
				5E4E1B241EAF86AD0001B301 /* NSString+SHA256.m in Sources */,
				5E0F54A31EE950450004259C /* UIViewController+Processing.m in Sources */,
				5E0F54751EDF29D50004259C /* HTTransaction.m in Sources */,
				5E0F54A01EE94BD30004259C /* UIViewController+Spinner.m in Sources */,
				F5C187B31E93A84B00800F52 /* HTKeypadViewController.m in Sources */,
				5E0F548E1EE7DC900004259C /* UIView+Animation.m in Sources */,
				F5C550821EA62E2400AAA07E /* HTSignatureView.m in Sources */,
				5E4E1B741ECB26730001B301 /* HTPayment.m in Sources */,
				5E0F54831EE0921B0004259C /* HTTicket.m in Sources */,
				5E4E1B661EBC68360001B301 /* HTOrderedMutableDictionary.m in Sources */,
				5E0F549D1EE946380004259C /* HTKeyedTransationViewController.m in Sources */,
				5E0F545F1ED9B02D0004259C /* HTPaymentManager+transactionTypes.m in Sources */,
				5E0F549A1EE88A650004259C /* HTKeypadButton.m in Sources */,
				5E4E1B291EB0C3C20001B301 /* HTSafariViewContoller.m in Sources */,
				5E0F54781EDF2A1C0004259C /* HTMSRTransaction.m in Sources */,
				F5C187B01E925D4500800F52 /* HTLoginScreenViewController.m in Sources */,
				5E54F0D81EEA98F20085C91C /* HTSMSReceipt.m in Sources */,
				5E4E1B5E1EBA07160001B301 /* HTAuthenticationManager.m in Sources */,
				5E4E1B771ECC76530001B301 /* HTWebProvider.m in Sources */,
				5E4E1B6A1EC3284C0001B301 /* IDTechCardReaderManager.m in Sources */,
				F5DDCCF41E8D019C00904CD4 /* main.m in Sources */,
				5E6C170A1EA8D72300540385 /* HTCardInfo.m in Sources */,
				F5C187B61E9508E900800F52 /* HTCardInfoViewController.m in Sources */,
				5E54F0D51EEA72290085C91C /* HTKeyboardInputView.m in Sources */,
				5E4E1B841ED6C7D60001B301 /* HTEmailReceipt.m in Sources */,
				F5FE09C61E9E5303001C4826 /* HTCloseTicketViewController.m in Sources */,
				5E54F0D21EEA6FB10085C91C /* UIViewController+Back.m in Sources */,
				5E0F546F1EDED6690004259C /* HTWebProvider+Settings.m in Sources */,
				5E4E1B7E1ECD99A60001B301 /* HTPaymentManager.m in Sources */,
				5E0F54971EE889AD0004259C /* HTDesignableView.m in Sources */,
				5E4E1B711ECAF1EC0001B301 /* NSData+HexadecimalString.m in Sources */,
			);
			runOnlyForDeploymentPostprocessing = 0;
		};
		F5DDCD041E8D019C00904CD4 /* Sources */ = {
			isa = PBXSourcesBuildPhase;
			buildActionMask = 2147483647;
			files = (
				F5DDCD0D1E8D019C00904CD4 /* TrainingTestTests.m in Sources */,
			);
			runOnlyForDeploymentPostprocessing = 0;
		};
/* End PBXSourcesBuildPhase section */

/* Begin PBXTargetDependency section */
		5E6C17151EA8EB5700540385 /* PBXTargetDependency */ = {
			isa = PBXTargetDependency;
			target = F5DDCCEE1E8D019C00904CD4 /* TrainingTest */;
			targetProxy = 5E6C17141EA8EB5700540385 /* PBXContainerItemProxy */;
		};
		F5DDCD0A1E8D019C00904CD4 /* PBXTargetDependency */ = {
			isa = PBXTargetDependency;
			target = F5DDCCEE1E8D019C00904CD4 /* TrainingTest */;
			targetProxy = F5DDCD091E8D019C00904CD4 /* PBXContainerItemProxy */;
		};
/* End PBXTargetDependency section */

/* Begin PBXVariantGroup section */
		F5DDCCFB1E8D019C00904CD4 /* Main.storyboard */ = {
			isa = PBXVariantGroup;
			children = (
				F5DDCCFC1E8D019C00904CD4 /* Base */,
			);
			name = Main.storyboard;
			sourceTree = "<group>";
		};
		F5DDCD001E8D019C00904CD4 /* LaunchScreen.storyboard */ = {
			isa = PBXVariantGroup;
			children = (
				F5DDCD011E8D019C00904CD4 /* Base */,
			);
			name = LaunchScreen.storyboard;
			sourceTree = "<group>";
		};
/* End PBXVariantGroup section */

/* Begin XCBuildConfiguration section */
		5E6C17171EA8EB5700540385 /* Debug */ = {
			isa = XCBuildConfiguration;
			baseConfigurationReference = B2E6F6B47E6038B3A2FF0B2E /* Pods-TrainingTestTempTests.debug.xcconfig */;
			buildSettings = {
				BUNDLE_LOADER = "$(TEST_HOST)";
				CLANG_ANALYZER_NUMBER_OBJECT_CONVERSION = YES_AGGRESSIVE;
				INFOPLIST_FILE = TrainingTestTempTests/Info.plist;
				IPHONEOS_DEPLOYMENT_TARGET = 10.3;
				LD_RUNPATH_SEARCH_PATHS = "$(inherited) @executable_path/Frameworks @loader_path/Frameworks";
				PRODUCT_BUNDLE_IDENTIFIER = com.harbortouch.TrainingTestTempTests;
				PRODUCT_NAME = "$(TARGET_NAME)";
				TEST_HOST = "$(BUILT_PRODUCTS_DIR)/TrainingTest.app/TrainingTest";
			};
			name = Debug;
		};
		5E6C17181EA8EB5700540385 /* Release */ = {
			isa = XCBuildConfiguration;
			baseConfigurationReference = 57918C2F504DBA010B1192AD /* Pods-TrainingTestTempTests.release.xcconfig */;
			buildSettings = {
				BUNDLE_LOADER = "$(TEST_HOST)";
				CLANG_ANALYZER_NUMBER_OBJECT_CONVERSION = YES_AGGRESSIVE;
				INFOPLIST_FILE = TrainingTestTempTests/Info.plist;
				IPHONEOS_DEPLOYMENT_TARGET = 10.3;
				LD_RUNPATH_SEARCH_PATHS = "$(inherited) @executable_path/Frameworks @loader_path/Frameworks";
				PRODUCT_BUNDLE_IDENTIFIER = com.harbortouch.TrainingTestTempTests;
				PRODUCT_NAME = "$(TARGET_NAME)";
				TEST_HOST = "$(BUILT_PRODUCTS_DIR)/TrainingTest.app/TrainingTest";
			};
			name = Release;
		};
		F5DDCD0F1E8D019C00904CD4 /* Debug */ = {
			isa = XCBuildConfiguration;
			buildSettings = {
				ALWAYS_SEARCH_USER_PATHS = NO;
				CLANG_ANALYZER_NONNULL = YES;
				CLANG_CXX_LANGUAGE_STANDARD = "gnu++0x";
				CLANG_CXX_LIBRARY = "libc++";
				CLANG_ENABLE_MODULES = YES;
				CLANG_ENABLE_OBJC_ARC = YES;
				CLANG_WARN_BOOL_CONVERSION = YES;
				CLANG_WARN_CONSTANT_CONVERSION = YES;
				CLANG_WARN_DIRECT_OBJC_ISA_USAGE = YES_ERROR;
				CLANG_WARN_DOCUMENTATION_COMMENTS = YES;
				CLANG_WARN_EMPTY_BODY = YES;
				CLANG_WARN_ENUM_CONVERSION = YES;
				CLANG_WARN_INFINITE_RECURSION = YES;
				CLANG_WARN_INT_CONVERSION = YES;
				CLANG_WARN_OBJC_ROOT_CLASS = YES_ERROR;
				CLANG_WARN_SUSPICIOUS_MOVE = YES;
				CLANG_WARN_UNREACHABLE_CODE = YES;
				CLANG_WARN__DUPLICATE_METHOD_MATCH = YES;
				"CODE_SIGN_IDENTITY[sdk=iphoneos*]" = "iPhone Developer";
				COPY_PHASE_STRIP = NO;
				DEBUG_INFORMATION_FORMAT = dwarf;
				ENABLE_STRICT_OBJC_MSGSEND = YES;
				ENABLE_TESTABILITY = YES;
				GCC_C_LANGUAGE_STANDARD = gnu99;
				GCC_DYNAMIC_NO_PIC = NO;
				GCC_NO_COMMON_BLOCKS = YES;
				GCC_OPTIMIZATION_LEVEL = 0;
				GCC_PREPROCESSOR_DEFINITIONS = (
					"DEBUG=1",
					"$(inherited)",
				);
				GCC_WARN_64_TO_32_BIT_CONVERSION = YES;
				GCC_WARN_ABOUT_RETURN_TYPE = YES_ERROR;
				GCC_WARN_UNDECLARED_SELECTOR = YES;
				GCC_WARN_UNINITIALIZED_AUTOS = YES_AGGRESSIVE;
				GCC_WARN_UNUSED_FUNCTION = YES;
				GCC_WARN_UNUSED_VARIABLE = YES;
				IPHONEOS_DEPLOYMENT_TARGET = 10.2;
				MTL_ENABLE_DEBUG_INFO = YES;
				ONLY_ACTIVE_ARCH = YES;
				SDKROOT = iphoneos;
			};
			name = Debug;
		};
		F5DDCD101E8D019C00904CD4 /* Release */ = {
			isa = XCBuildConfiguration;
			buildSettings = {
				ALWAYS_SEARCH_USER_PATHS = NO;
				CLANG_ANALYZER_NONNULL = YES;
				CLANG_CXX_LANGUAGE_STANDARD = "gnu++0x";
				CLANG_CXX_LIBRARY = "libc++";
				CLANG_ENABLE_MODULES = YES;
				CLANG_ENABLE_OBJC_ARC = YES;
				CLANG_WARN_BOOL_CONVERSION = YES;
				CLANG_WARN_CONSTANT_CONVERSION = YES;
				CLANG_WARN_DIRECT_OBJC_ISA_USAGE = YES_ERROR;
				CLANG_WARN_DOCUMENTATION_COMMENTS = YES;
				CLANG_WARN_EMPTY_BODY = YES;
				CLANG_WARN_ENUM_CONVERSION = YES;
				CLANG_WARN_INFINITE_RECURSION = YES;
				CLANG_WARN_INT_CONVERSION = YES;
				CLANG_WARN_OBJC_ROOT_CLASS = YES_ERROR;
				CLANG_WARN_SUSPICIOUS_MOVE = YES;
				CLANG_WARN_UNREACHABLE_CODE = YES;
				CLANG_WARN__DUPLICATE_METHOD_MATCH = YES;
				"CODE_SIGN_IDENTITY[sdk=iphoneos*]" = "iPhone Developer";
				COPY_PHASE_STRIP = NO;
				DEBUG_INFORMATION_FORMAT = "dwarf-with-dsym";
				ENABLE_NS_ASSERTIONS = NO;
				ENABLE_STRICT_OBJC_MSGSEND = YES;
				GCC_C_LANGUAGE_STANDARD = gnu99;
				GCC_NO_COMMON_BLOCKS = YES;
				GCC_WARN_64_TO_32_BIT_CONVERSION = YES;
				GCC_WARN_ABOUT_RETURN_TYPE = YES_ERROR;
				GCC_WARN_UNDECLARED_SELECTOR = YES;
				GCC_WARN_UNINITIALIZED_AUTOS = YES_AGGRESSIVE;
				GCC_WARN_UNUSED_FUNCTION = YES;
				GCC_WARN_UNUSED_VARIABLE = YES;
				IPHONEOS_DEPLOYMENT_TARGET = 10.2;
				MTL_ENABLE_DEBUG_INFO = NO;
				SDKROOT = iphoneos;
				VALIDATE_PRODUCT = YES;
			};
			name = Release;
		};
		F5DDCD121E8D019C00904CD4 /* Debug */ = {
			isa = XCBuildConfiguration;
			baseConfigurationReference = CDF8EB09478571FBF4B009BE /* Pods-TrainingTest.debug.xcconfig */;
			buildSettings = {
				ASSETCATALOG_COMPILER_APPICON_NAME = AppIcon;
				DEVELOPMENT_TEAM = MFEF9YL44V;
				FRAMEWORK_SEARCH_PATHS = "$(PROJECT_DIR)";
				INFOPLIST_FILE = TrainingTest/Info.plist;
				LD_RUNPATH_SEARCH_PATHS = "$(inherited) @executable_path/Frameworks";
				NEW_SETTING = "";
				PRODUCT_BUNDLE_IDENTIFIER = com.harbortouch.harborpay;
				PRODUCT_NAME = "$(TARGET_NAME)";
			};
			name = Debug;
		};
		F5DDCD131E8D019C00904CD4 /* Release */ = {
			isa = XCBuildConfiguration;
			baseConfigurationReference = 5FDAF9E0AE5C1A195CA07891 /* Pods-TrainingTest.release.xcconfig */;
			buildSettings = {
				ASSETCATALOG_COMPILER_APPICON_NAME = AppIcon;
				DEVELOPMENT_TEAM = MFEF9YL44V;
				FRAMEWORK_SEARCH_PATHS = "$(PROJECT_DIR)";
				INFOPLIST_FILE = TrainingTest/Info.plist;
				LD_RUNPATH_SEARCH_PATHS = "$(inherited) @executable_path/Frameworks";
				NEW_SETTING = "";
				PRODUCT_BUNDLE_IDENTIFIER = com.harbortouch.harborpay;
				PRODUCT_NAME = "$(TARGET_NAME)";
			};
			name = Release;
		};
		F5DDCD151E8D019C00904CD4 /* Debug */ = {
			isa = XCBuildConfiguration;
			baseConfigurationReference = CF60BDCEC88A465527A1661B /* Pods-TrainingTestTests.debug.xcconfig */;
			buildSettings = {
				BUNDLE_LOADER = "$(TEST_HOST)";
				DEVELOPMENT_TEAM = MFEF9YL44V;
				INFOPLIST_FILE = TrainingTestTests/Info.plist;
				LD_RUNPATH_SEARCH_PATHS = "$(inherited) @executable_path/Frameworks @loader_path/Frameworks";
				PRODUCT_BUNDLE_IDENTIFIER = harbortouch.opiruyan.TrainingTestTests;
				PRODUCT_NAME = "$(TARGET_NAME)";
				TEST_HOST = "$(BUILT_PRODUCTS_DIR)/TrainingTest.app/TrainingTest";
			};
			name = Debug;
		};
		F5DDCD161E8D019C00904CD4 /* Release */ = {
			isa = XCBuildConfiguration;
			baseConfigurationReference = 1B91B7E96A0080C90475E9FB /* Pods-TrainingTestTests.release.xcconfig */;
			buildSettings = {
				BUNDLE_LOADER = "$(TEST_HOST)";
				DEVELOPMENT_TEAM = MFEF9YL44V;
				INFOPLIST_FILE = TrainingTestTests/Info.plist;
				LD_RUNPATH_SEARCH_PATHS = "$(inherited) @executable_path/Frameworks @loader_path/Frameworks";
				PRODUCT_BUNDLE_IDENTIFIER = harbortouch.opiruyan.TrainingTestTests;
				PRODUCT_NAME = "$(TARGET_NAME)";
				TEST_HOST = "$(BUILT_PRODUCTS_DIR)/TrainingTest.app/TrainingTest";
			};
			name = Release;
		};
/* End XCBuildConfiguration section */

/* Begin XCConfigurationList section */
		5E6C17161EA8EB5700540385 /* Build configuration list for PBXNativeTarget "TrainingTestTempTests" */ = {
			isa = XCConfigurationList;
			buildConfigurations = (
				5E6C17171EA8EB5700540385 /* Debug */,
				5E6C17181EA8EB5700540385 /* Release */,
			);
			defaultConfigurationIsVisible = 0;
			defaultConfigurationName = Release;
		};
		F5DDCCEA1E8D019C00904CD4 /* Build configuration list for PBXProject "TrainingTest" */ = {
			isa = XCConfigurationList;
			buildConfigurations = (
				F5DDCD0F1E8D019C00904CD4 /* Debug */,
				F5DDCD101E8D019C00904CD4 /* Release */,
			);
			defaultConfigurationIsVisible = 0;
			defaultConfigurationName = Release;
		};
		F5DDCD111E8D019C00904CD4 /* Build configuration list for PBXNativeTarget "TrainingTest" */ = {
			isa = XCConfigurationList;
			buildConfigurations = (
				F5DDCD121E8D019C00904CD4 /* Debug */,
				F5DDCD131E8D019C00904CD4 /* Release */,
			);
			defaultConfigurationIsVisible = 0;
			defaultConfigurationName = Release;
		};
		F5DDCD141E8D019C00904CD4 /* Build configuration list for PBXNativeTarget "TrainingTestTests" */ = {
			isa = XCConfigurationList;
			buildConfigurations = (
				F5DDCD151E8D019C00904CD4 /* Debug */,
				F5DDCD161E8D019C00904CD4 /* Release */,
			);
			defaultConfigurationIsVisible = 0;
			defaultConfigurationName = Release;
		};
/* End XCConfigurationList section */
	};
	rootObject = F5DDCCE71E8D019C00904CD4 /* Project object */;
}
